
Microsoft Visual Studio Solution File, Format Version 12.00
# Visual Studio Version 16
VisualStudioVersion = 16.0.30011.22
MinimumVisualStudioVersion = 10.0.40219.1
Project("{FAE04EC0-301F-11D3-BF4B-00C04F79EFBC}") = "Single responsibility Principle", "Single responsibility Principle\Single responsibility Principle.csproj", "{F5E88CA4-CF8F-4FB5-9C57-B98245A90914}"
EndProject
Global
	GlobalSection(SolutionConfigurationPlatforms) = preSolution
		Debug|Any CPU = Debug|Any CPU
		Release|Any CPU = Release|Any CPU
	EndGlobalSection
	GlobalSection(ProjectConfigurationPlatforms) = postSolution
		{F5E88CA4-CF8F-4FB5-9C57-B98245A90914}.Debug|Any CPU.ActiveCfg = Debug|Any CPU
		{F5E88CA4-CF8F-4FB5-9C57-B98245A90914}.Debug|Any CPU.Build.0 = Debug|Any CPU
		{F5E88CA4-CF8F-4FB5-9C57-B98245A90914}.Release|Any CPU.ActiveCfg = Release|Any CPU
		{F5E88CA4-CF8F-4FB5-9C57-B98245A90914}.Release|Any CPU.Build.0 = Release|Any CPU
	EndGlobalSection
	GlobalSection(SolutionProperties) = preSolution
		HideSolutionNode = FALSE
	EndGlobalSection
	GlobalSection(ExtensibilityGlobals) = postSolution
		SolutionGuid = {715973CB-535F-4C88-8A87-0141068AF3F3}
	EndGlobalSection
EndGlobal
